# generated by rye
# use `rye lock` or `rye sync` to update this lockfile
#
# last locked with the following flags:
#   pre: false
#   features: []
#   all-features: false
#   with-sources: false
#   generate-hashes: false

-e file:.
greenlet==3.0.3
    # via playwright
iniconfig==2.0.0
    # via pytest
packaging==24.0
    # via pytest
playwright==1.44.0
    # via ventrata
pluggy==1.5.0
    # via pytest
pyee==11.1.0
    # via playwright
pytest==8.2.1
    # via ventrata
typing-extensions==4.12.0
    # via pyee
